
Microsoft Visual Studio Solution File, Format Version 12.00
# Visual Studio 15
VisualStudioVersion = 15.0.28010.2003
MinimumVisualStudioVersion = 10.0.40219.1
Project("{8BC9CEB8-8B4A-11D0-8D11-00A0C91BC942}") = "think-asio", "think-asio\think-asio.vcxproj", "{26409567-630E-485E-9C12-51D71921BF4B}"
EndProject
Project("{8BC9CEB8-8B4A-11D0-8D11-00A0C91BC942}") = "Client", "Client\Client.vcxproj", "{FF75A054-DC14-4C56-BD7B-4E213B5B4BAE}"
	ProjectSection(ProjectDependencies) = postProject
		{26409567-630E-485E-9C12-51D71921BF4B} = {26409567-630E-485E-9C12-51D71921BF4B}
	EndProjectSection
EndProject
Project("{8BC9CEB8-8B4A-11D0-8D11-00A0C91BC942}") = "Server", "Server\Server.vcxproj", "{B55D5D92-5A71-46F6-853C-15CC7FBCD1AD}"
	ProjectSection(ProjectDependencies) = postProject
		{26409567-630E-485E-9C12-51D71921BF4B} = {26409567-630E-485E-9C12-51D71921BF4B}
	EndProjectSection
EndProject
Global
	GlobalSection(SolutionConfigurationPlatforms) = preSolution
		Debug|x64 = Debug|x64
		Debug|x86 = Debug|x86
		Release|x64 = Release|x64
		Release|x86 = Release|x86
	EndGlobalSection
	GlobalSection(ProjectConfigurationPlatforms) = postSolution
		{26409567-630E-485E-9C12-51D71921BF4B}.Debug|x64.ActiveCfg = Debug|x64
		{26409567-630E-485E-9C12-51D71921BF4B}.Debug|x64.Build.0 = Debug|x64
		{26409567-630E-485E-9C12-51D71921BF4B}.Debug|x86.ActiveCfg = Debug|Win32
		{26409567-630E-485E-9C12-51D71921BF4B}.Debug|x86.Build.0 = Debug|Win32
		{26409567-630E-485E-9C12-51D71921BF4B}.Release|x64.ActiveCfg = Release|x64
		{26409567-630E-485E-9C12-51D71921BF4B}.Release|x64.Build.0 = Release|x64
		{26409567-630E-485E-9C12-51D71921BF4B}.Release|x86.ActiveCfg = Release|Win32
		{26409567-630E-485E-9C12-51D71921BF4B}.Release|x86.Build.0 = Release|Win32
		{FF75A054-DC14-4C56-BD7B-4E213B5B4BAE}.Debug|x64.ActiveCfg = Debug|x64
		{FF75A054-DC14-4C56-BD7B-4E213B5B4BAE}.Debug|x64.Build.0 = Debug|x64
		{FF75A054-DC14-4C56-BD7B-4E213B5B4BAE}.Debug|x86.ActiveCfg = Debug|Win32
		{FF75A054-DC14-4C56-BD7B-4E213B5B4BAE}.Debug|x86.Build.0 = Debug|Win32
		{FF75A054-DC14-4C56-BD7B-4E213B5B4BAE}.Release|x64.ActiveCfg = Release|x64
		{FF75A054-DC14-4C56-BD7B-4E213B5B4BAE}.Release|x64.Build.0 = Release|x64
		{FF75A054-DC14-4C56-BD7B-4E213B5B4BAE}.Release|x86.ActiveCfg = Release|Win32
		{FF75A054-DC14-4C56-BD7B-4E213B5B4BAE}.Release|x86.Build.0 = Release|Win32
		{B55D5D92-5A71-46F6-853C-15CC7FBCD1AD}.Debug|x64.ActiveCfg = Debug|x64
		{B55D5D92-5A71-46F6-853C-15CC7FBCD1AD}.Debug|x64.Build.0 = Debug|x64
		{B55D5D92-5A71-46F6-853C-15CC7FBCD1AD}.Debug|x86.ActiveCfg = Debug|Win32
		{B55D5D92-5A71-46F6-853C-15CC7FBCD1AD}.Debug|x86.Build.0 = Debug|Win32
		{B55D5D92-5A71-46F6-853C-15CC7FBCD1AD}.Release|x64.ActiveCfg = Release|x64
		{B55D5D92-5A71-46F6-853C-15CC7FBCD1AD}.Release|x64.Build.0 = Release|x64
		{B55D5D92-5A71-46F6-853C-15CC7FBCD1AD}.Release|x86.ActiveCfg = Release|Win32
		{B55D5D92-5A71-46F6-853C-15CC7FBCD1AD}.Release|x86.Build.0 = Release|Win32
	EndGlobalSection
	GlobalSection(SolutionProperties) = preSolution
		HideSolutionNode = FALSE
	EndGlobalSection
	GlobalSection(ExtensibilityGlobals) = postSolution
		SolutionGuid = {BA33E357-049B-4B32-A71A-55A8097D7F11}
	EndGlobalSection
EndGlobal
